PODS:
  - NekiLib (0.1.0)
  - Nimble (7.3.4)
  - Quick (1.2.0)

DEPENDENCIES:
  - NekiLib
  - Nimble (~> 7.0)
  - Quick (~> 1.2.0)

SPEC REPOS:
  https://github.com/cocoapods/specs.git:
    - NekiLib
    - Nimble
    - Quick

SPEC CHECKSUMS:
  NekiLib: 6e39e4b7bc1fdff3d0feb9857ef111b3074c240c
  Nimble: 051e3d8912d40138fa5591c78594f95fb172af37
  Quick: 58d203b1c5e27fff7229c4c1ae445ad7069a7a08

PODFILE CHECKSUM: 3532f3f5c71c55875a45ad64a8f54873834adcd6

COCOAPODS: 1.7.4
